
Microsoft Visual Studio Solution File, Format Version 12.00
# Visual Studio Version 17
VisualStudioVersion = 17.3.32929.385
MinimumVisualStudioVersion = 10.0.40219.1
Project("{A07B5EB6-E848-4116-A8D0-A826331D98C6}") = "SF.Products", "SF.Products\SF.Products\SF.Products.sfproj", "{A17D0804-BC1E-4783-9EA5-8C5AF5AD432B}"
EndProject
Project("{2150E333-8FDC-42A3-9474-1A3956D46DE8}") = "Products", "Products", "{4E8E3563-B95D-4919-8398-B8242DD74B71}"
EndProject
Project("{2150E333-8FDC-42A3-9474-1A3956D46DE8}") = "Store", "Store", "{6DBAF2B1-CBA6-4B03-8EE8-97BB8F09FE15}"
EndProject
Project("{A07B5EB6-E848-4116-A8D0-A826331D98C6}") = "SF.Store", "SF.Store\SF.Store\SF.Store.sfproj", "{C86FD5CD-0B22-491F-AC92-CFBDB60611C3}"
EndProject
Project("{2150E333-8FDC-42A3-9474-1A3956D46DE8}") = "Common", "Common", "{5608AAE1-0A2A-4C48-B350-6A756AE1BE08}"
EndProject
Project("{9A19103F-16F7-4668-BE54-9A1E7A4F7556}") = "SF.Common.Interfaces", "SF.Common\SF.Common.Interfaces\SF.Common.Interfaces.csproj", "{3A20F1D5-F7FA-4B7E-94E0-786D774BF4A4}"
EndProject
Project("{9A19103F-16F7-4668-BE54-9A1E7A4F7556}") = "SF.Products.Service", "SF.Products\SF.Products.Service\SF.Products.Service.csproj", "{C4742FD9-CB55-43A6-AD80-F50D4C16ABA9}"
EndProject
Project("{9A19103F-16F7-4668-BE54-9A1E7A4F7556}") = "SF.Common.Poco", "SF.Common\SF.Common.Poco\SF.Common.Poco.csproj", "{655932AA-DCA4-434F-BB0D-794082D30F2C}"
EndProject
Project("{FAE04EC0-301F-11D3-BF4B-00C04F79EFBC}") = "SF.Store.API", "SF.Store\SF.Store.API\SF.Store.API.csproj", "{9375F2D1-5152-4AD8-B676-383903F78829}"
EndProject
Global
	GlobalSection(SolutionConfigurationPlatforms) = preSolution
		Debug|Any CPU = Debug|Any CPU
		Debug|x64 = Debug|x64
		Release|Any CPU = Release|Any CPU
		Release|x64 = Release|x64
	EndGlobalSection
	GlobalSection(ProjectConfigurationPlatforms) = postSolution
		{A17D0804-BC1E-4783-9EA5-8C5AF5AD432B}.Debug|Any CPU.ActiveCfg = Debug|x64
		{A17D0804-BC1E-4783-9EA5-8C5AF5AD432B}.Debug|Any CPU.Build.0 = Debug|x64
		{A17D0804-BC1E-4783-9EA5-8C5AF5AD432B}.Debug|Any CPU.Deploy.0 = Debug|x64
		{A17D0804-BC1E-4783-9EA5-8C5AF5AD432B}.Debug|x64.ActiveCfg = Debug|x64
		{A17D0804-BC1E-4783-9EA5-8C5AF5AD432B}.Debug|x64.Build.0 = Debug|x64
		{A17D0804-BC1E-4783-9EA5-8C5AF5AD432B}.Debug|x64.Deploy.0 = Debug|x64
		{A17D0804-BC1E-4783-9EA5-8C5AF5AD432B}.Release|Any CPU.ActiveCfg = Release|x64
		{A17D0804-BC1E-4783-9EA5-8C5AF5AD432B}.Release|Any CPU.Build.0 = Release|x64
		{A17D0804-BC1E-4783-9EA5-8C5AF5AD432B}.Release|Any CPU.Deploy.0 = Release|x64
		{A17D0804-BC1E-4783-9EA5-8C5AF5AD432B}.Release|x64.ActiveCfg = Release|x64
		{A17D0804-BC1E-4783-9EA5-8C5AF5AD432B}.Release|x64.Build.0 = Release|x64
		{A17D0804-BC1E-4783-9EA5-8C5AF5AD432B}.Release|x64.Deploy.0 = Release|x64
		{C86FD5CD-0B22-491F-AC92-CFBDB60611C3}.Debug|Any CPU.ActiveCfg = Debug|x64
		{C86FD5CD-0B22-491F-AC92-CFBDB60611C3}.Debug|Any CPU.Build.0 = Debug|x64
		{C86FD5CD-0B22-491F-AC92-CFBDB60611C3}.Debug|Any CPU.Deploy.0 = Debug|x64
		{C86FD5CD-0B22-491F-AC92-CFBDB60611C3}.Debug|x64.ActiveCfg = Debug|x64
		{C86FD5CD-0B22-491F-AC92-CFBDB60611C3}.Debug|x64.Build.0 = Debug|x64
		{C86FD5CD-0B22-491F-AC92-CFBDB60611C3}.Debug|x64.Deploy.0 = Debug|x64
		{C86FD5CD-0B22-491F-AC92-CFBDB60611C3}.Release|Any CPU.ActiveCfg = Release|x64
		{C86FD5CD-0B22-491F-AC92-CFBDB60611C3}.Release|Any CPU.Build.0 = Release|x64
		{C86FD5CD-0B22-491F-AC92-CFBDB60611C3}.Release|Any CPU.Deploy.0 = Release|x64
		{C86FD5CD-0B22-491F-AC92-CFBDB60611C3}.Release|x64.ActiveCfg = Release|x64
		{C86FD5CD-0B22-491F-AC92-CFBDB60611C3}.Release|x64.Build.0 = Release|x64
		{C86FD5CD-0B22-491F-AC92-CFBDB60611C3}.Release|x64.Deploy.0 = Release|x64
		{3A20F1D5-F7FA-4B7E-94E0-786D774BF4A4}.Debug|Any CPU.ActiveCfg = Debug|Any CPU
		{3A20F1D5-F7FA-4B7E-94E0-786D774BF4A4}.Debug|Any CPU.Build.0 = Debug|Any CPU
		{3A20F1D5-F7FA-4B7E-94E0-786D774BF4A4}.Debug|x64.ActiveCfg = Debug|Any CPU
		{3A20F1D5-F7FA-4B7E-94E0-786D774BF4A4}.Debug|x64.Build.0 = Debug|Any CPU
		{3A20F1D5-F7FA-4B7E-94E0-786D774BF4A4}.Release|Any CPU.ActiveCfg = Release|Any CPU
		{3A20F1D5-F7FA-4B7E-94E0-786D774BF4A4}.Release|Any CPU.Build.0 = Release|Any CPU
		{3A20F1D5-F7FA-4B7E-94E0-786D774BF4A4}.Release|x64.ActiveCfg = Release|Any CPU
		{3A20F1D5-F7FA-4B7E-94E0-786D774BF4A4}.Release|x64.Build.0 = Release|Any CPU
		{C4742FD9-CB55-43A6-AD80-F50D4C16ABA9}.Debug|Any CPU.ActiveCfg = Debug|Any CPU
		{C4742FD9-CB55-43A6-AD80-F50D4C16ABA9}.Debug|Any CPU.Build.0 = Debug|Any CPU
		{C4742FD9-CB55-43A6-AD80-F50D4C16ABA9}.Debug|x64.ActiveCfg = Debug|Any CPU
		{C4742FD9-CB55-43A6-AD80-F50D4C16ABA9}.Debug|x64.Build.0 = Debug|Any CPU
		{C4742FD9-CB55-43A6-AD80-F50D4C16ABA9}.Release|Any CPU.ActiveCfg = Release|Any CPU
		{C4742FD9-CB55-43A6-AD80-F50D4C16ABA9}.Release|Any CPU.Build.0 = Release|Any CPU
		{C4742FD9-CB55-43A6-AD80-F50D4C16ABA9}.Release|x64.ActiveCfg = Release|Any CPU
		{C4742FD9-CB55-43A6-AD80-F50D4C16ABA9}.Release|x64.Build.0 = Release|Any CPU
		{655932AA-DCA4-434F-BB0D-794082D30F2C}.Debug|Any CPU.ActiveCfg = Debug|Any CPU
		{655932AA-DCA4-434F-BB0D-794082D30F2C}.Debug|Any CPU.Build.0 = Debug|Any CPU
		{655932AA-DCA4-434F-BB0D-794082D30F2C}.Debug|x64.ActiveCfg = Debug|Any CPU
		{655932AA-DCA4-434F-BB0D-794082D30F2C}.Debug|x64.Build.0 = Debug|Any CPU
		{655932AA-DCA4-434F-BB0D-794082D30F2C}.Release|Any CPU.ActiveCfg = Release|Any CPU
		{655932AA-DCA4-434F-BB0D-794082D30F2C}.Release|Any CPU.Build.0 = Release|Any CPU
		{655932AA-DCA4-434F-BB0D-794082D30F2C}.Release|x64.ActiveCfg = Release|Any CPU
		{655932AA-DCA4-434F-BB0D-794082D30F2C}.Release|x64.Build.0 = Release|Any CPU
		{9375F2D1-5152-4AD8-B676-383903F78829}.Debug|Any CPU.ActiveCfg = Debug|Any CPU
		{9375F2D1-5152-4AD8-B676-383903F78829}.Debug|Any CPU.Build.0 = Debug|Any CPU
		{9375F2D1-5152-4AD8-B676-383903F78829}.Debug|x64.ActiveCfg = Debug|Any CPU
		{9375F2D1-5152-4AD8-B676-383903F78829}.Debug|x64.Build.0 = Debug|Any CPU
		{9375F2D1-5152-4AD8-B676-383903F78829}.Release|Any CPU.ActiveCfg = Release|Any CPU
		{9375F2D1-5152-4AD8-B676-383903F78829}.Release|Any CPU.Build.0 = Release|Any CPU
		{9375F2D1-5152-4AD8-B676-383903F78829}.Release|x64.ActiveCfg = Release|Any CPU
		{9375F2D1-5152-4AD8-B676-383903F78829}.Release|x64.Build.0 = Release|Any CPU
	EndGlobalSection
	GlobalSection(SolutionProperties) = preSolution
		HideSolutionNode = FALSE
	EndGlobalSection
	GlobalSection(NestedProjects) = preSolution
		{A17D0804-BC1E-4783-9EA5-8C5AF5AD432B} = {4E8E3563-B95D-4919-8398-B8242DD74B71}
		{C86FD5CD-0B22-491F-AC92-CFBDB60611C3} = {6DBAF2B1-CBA6-4B03-8EE8-97BB8F09FE15}
		{3A20F1D5-F7FA-4B7E-94E0-786D774BF4A4} = {5608AAE1-0A2A-4C48-B350-6A756AE1BE08}
		{C4742FD9-CB55-43A6-AD80-F50D4C16ABA9} = {4E8E3563-B95D-4919-8398-B8242DD74B71}
		{655932AA-DCA4-434F-BB0D-794082D30F2C} = {5608AAE1-0A2A-4C48-B350-6A756AE1BE08}
		{9375F2D1-5152-4AD8-B676-383903F78829} = {6DBAF2B1-CBA6-4B03-8EE8-97BB8F09FE15}
	EndGlobalSection
	GlobalSection(ExtensibilityGlobals) = postSolution
		SolutionGuid = {052D9184-7F19-4FF5-A45C-0BD83A611283}
	EndGlobalSection
EndGlobal
